
Microsoft Visual Studio Solution File, Format Version 12.00
Project("{FAE04EC0-301F-11D3-BF4B-00C04F79EFBC}") = "Es", "Es\Es.csproj", "{B8C00A42-1038-4FC0-BA27-87FD3446331A}"
EndProject
Project("{2150E333-8FDC-42A3-9474-1A3956D46DE8}") = "Solution Items", "Solution Items", "{42905BE7-E986-47B1-AE27-11A4E5E374B4}"
	ProjectSection(SolutionItems) = preProject
		docker-compose.yml = docker-compose.yml
	EndProjectSection
EndProject
Global
	GlobalSection(SolutionConfigurationPlatforms) = preSolution
		Debug|Any CPU = Debug|Any CPU
		Release|Any CPU = Release|Any CPU
	EndGlobalSection
	GlobalSection(ProjectConfigurationPlatforms) = postSolution
		{B8C00A42-1038-4FC0-BA27-87FD3446331A}.Debug|Any CPU.ActiveCfg = Debug|Any CPU
		{B8C00A42-1038-4FC0-BA27-87FD3446331A}.Debug|Any CPU.Build.0 = Debug|Any CPU
		{B8C00A42-1038-4FC0-BA27-87FD3446331A}.Release|Any CPU.ActiveCfg = Release|Any CPU
		{B8C00A42-1038-4FC0-BA27-87FD3446331A}.Release|Any CPU.Build.0 = Release|Any CPU
	EndGlobalSection
EndGlobal
